
Microsoft Visual Studio Solution File, Format Version 12.00
# Visual Studio Version 17
VisualStudioVersion = 17.11.35222.181
MinimumVisualStudioVersion = 10.0.40219.1
Project("{FAE04EC0-301F-11D3-BF4B-00C04F79EFBC}") = "WebApplicationContactList", "WebApplicationContactList\WebApplicationContactList.csproj", "{8EEE6F7D-3A0C-418E-8986-A273C878AC84}"
EndProject
Global
	GlobalSection(SolutionConfigurationPlatforms) = preSolution
		Debug|Any CPU = Debug|Any CPU
		Release|Any CPU = Release|Any CPU
	EndGlobalSection
	GlobalSection(ProjectConfigurationPlatforms) = postSolution
		{8EEE6F7D-3A0C-418E-8986-A273C878AC84}.Debug|Any CPU.ActiveCfg = Debug|Any CPU
		{8EEE6F7D-3A0C-418E-8986-A273C878AC84}.Debug|Any CPU.Build.0 = Debug|Any CPU
		{8EEE6F7D-3A0C-418E-8986-A273C878AC84}.Release|Any CPU.ActiveCfg = Release|Any CPU
		{8EEE6F7D-3A0C-418E-8986-A273C878AC84}.Release|Any CPU.Build.0 = Release|Any CPU
	EndGlobalSection
	GlobalSection(SolutionProperties) = preSolution
		HideSolutionNode = FALSE
	EndGlobalSection
	GlobalSection(ExtensibilityGlobals) = postSolution
		SolutionGuid = {C4E25022-B904-4583-8550-3CA9D1D5849F}
	EndGlobalSection
EndGlobal
